// !$*UTF8*$!
{
	archiveVersion = 1;
	classes = {
	};
	objectVersion = 51;
	objects = {

/* Begin PBXBuildFile section */
		C7117BC072BCCDA66AEAAE82 /* Pods_swift_design_patterns.framework in Frameworks */ = {isa = PBXBuildFile; fileRef = 6FF1A53D15EA9793B35628C1 /* Pods_swift_design_patterns.framework */; };
		CD17054B2644A8FC00ABABF8 /* AppDelegate.swift in Sources */ = {isa = PBXBuildFile; fileRef = CD17054A2644A8FC00ABABF8 /* AppDelegate.swift */; };
		CD17054D2644A8FC00ABABF8 /* SceneDelegate.swift in Sources */ = {isa = PBXBuildFile; fileRef = CD17054C2644A8FC00ABABF8 /* SceneDelegate.swift */; };
		CD17054F2644A8FC00ABABF8 /* ViewController.swift in Sources */ = {isa = PBXBuildFile; fileRef = CD17054E2644A8FC00ABABF8 /* ViewController.swift */; };
		CD1705522644A8FC00ABABF8 /* Main.storyboard in Resources */ = {isa = PBXBuildFile; fileRef = CD1705502644A8FC00ABABF8 /* Main.storyboard */; };
		CD1705542644A8FE00ABABF8 /* Assets.xcassets in Resources */ = {isa = PBXBuildFile; fileRef = CD1705532644A8FE00ABABF8 /* Assets.xcassets */; };
		CD1705572644A8FE00ABABF8 /* LaunchScreen.storyboard in Resources */ = {isa = PBXBuildFile; fileRef = CD1705552644A8FE00ABABF8 /* LaunchScreen.storyboard */; };
		CD1705622644A8FE00ABABF8 /* swift_design_patternsTests.swift in Sources */ = {isa = PBXBuildFile; fileRef = CD1705612644A8FE00ABABF8 /* swift_design_patternsTests.swift */; };
		CD17056D2644A8FE00ABABF8 /* swift_design_patternsUITests.swift in Sources */ = {isa = PBXBuildFile; fileRef = CD17056C2644A8FE00ABABF8 /* swift_design_patternsUITests.swift */; };
		CD8943142645070800639252 /* Movie.swift in Sources */ = {isa = PBXBuildFile; fileRef = CD8943132645070800639252 /* Movie.swift */; };
		CD89431B26450D4800639252 /* HttpClient.swift in Sources */ = {isa = PBXBuildFile; fileRef = CD89431A26450D4800639252 /* HttpClient.swift */; };
/* End PBXBuildFile section */

/* Begin PBXContainerItemProxy section */
		CD17055E2644A8FE00ABABF8 /* PBXContainerItemProxy */ = {
			isa = PBXContainerItemProxy;
			containerPortal = CD17053F2644A8FC00ABABF8 /* Project object */;
			proxyType = 1;
			remoteGlobalIDString = CD1705462644A8FC00ABABF8;
			remoteInfo = "swift-design-patterns";
		};
		CD1705692644A8FE00ABABF8 /* PBXContainerItemProxy */ = {
			isa = PBXContainerItemProxy;
			containerPortal = CD17053F2644A8FC00ABABF8 /* Project object */;
			proxyType = 1;
			remoteGlobalIDString = CD1705462644A8FC00ABABF8;
			remoteInfo = "swift-design-patterns";
		};
/* End PBXContainerItemProxy section */

/* Begin PBXFileReference section */
		6FF1A53D15EA9793B35628C1 /* Pods_swift_design_patterns.framework */ = {isa = PBXFileReference; explicitFileType = wrapper.framework; includeInIndex = 0; path = Pods_swift_design_patterns.framework; sourceTree = BUILT_PRODUCTS_DIR; };
		B6BA7D79E74D943F08C94DD4 /* Pods-swift-design-patterns.release.xcconfig */ = {isa = PBXFileReference; includeInIndex = 1; lastKnownFileType = text.xcconfig; name = "Pods-swift-design-patterns.release.xcconfig"; path = "Target Support Files/Pods-swift-design-patterns/Pods-swift-design-patterns.release.xcconfig"; sourceTree = "<group>"; };
		CD1705472644A8FC00ABABF8 /* swift-design-patterns.app */ = {isa = PBXFileReference; explicitFileType = wrapper.application; includeInIndex = 0; path = "swift-design-patterns.app"; sourceTree = BUILT_PRODUCTS_DIR; };
		CD17054A2644A8FC00ABABF8 /* AppDelegate.swift */ = {isa = PBXFileReference; lastKnownFileType = sourcecode.swift; path = AppDelegate.swift; sourceTree = "<group>"; };
		CD17054C2644A8FC00ABABF8 /* SceneDelegate.swift */ = {isa = PBXFileReference; lastKnownFileType = sourcecode.swift; path = SceneDelegate.swift; sourceTree = "<group>"; };
		CD17054E2644A8FC00ABABF8 /* ViewController.swift */ = {isa = PBXFileReference; lastKnownFileType = sourcecode.swift; path = ViewController.swift; sourceTree = "<group>"; };
		CD1705512644A8FC00ABABF8 /* Base */ = {isa = PBXFileReference; lastKnownFileType = file.storyboard; name = Base; path = Base.lproj/Main.storyboard; sourceTree = "<group>"; };
		CD1705532644A8FE00ABABF8 /* Assets.xcassets */ = {isa = PBXFileReference; lastKnownFileType = folder.assetcatalog; path = Assets.xcassets; sourceTree = "<group>"; };
		CD1705562644A8FE00ABABF8 /* Base */ = {isa = PBXFileReference; lastKnownFileType = file.storyboard; name = Base; path = Base.lproj/LaunchScreen.storyboard; sourceTree = "<group>"; };
		CD1705582644A8FE00ABABF8 /* Info.plist */ = {isa = PBXFileReference; lastKnownFileType = text.plist.xml; path = Info.plist; sourceTree = "<group>"; };
		CD17055D2644A8FE00ABABF8 /* swift-design-patternsTests.xctest */ = {isa = PBXFileReference; explicitFileType = wrapper.cfbundle; includeInIndex = 0; path = "swift-design-patternsTests.xctest"; sourceTree = BUILT_PRODUCTS_DIR; };
		CD1705612644A8FE00ABABF8 /* swift_design_patternsTests.swift */ = {isa = PBXFileReference; lastKnownFileType = sourcecode.swift; path = swift_design_patternsTests.swift; sourceTree = "<group>"; };
		CD1705632644A8FE00ABABF8 /* Info.plist */ = {isa = PBXFileReference; lastKnownFileType = text.plist.xml; path = Info.plist; sourceTree = "<group>"; };
		CD1705682644A8FE00ABABF8 /* swift-design-patternsUITests.xctest */ = {isa = PBXFileReference; explicitFileType = wrapper.cfbundle; includeInIndex = 0; path = "swift-design-patternsUITests.xctest"; sourceTree = BUILT_PRODUCTS_DIR; };
		CD17056C2644A8FE00ABABF8 /* swift_design_patternsUITests.swift */ = {isa = PBXFileReference; lastKnownFileType = sourcecode.swift; path = swift_design_patternsUITests.swift; sourceTree = "<group>"; };
		CD17056E2644A8FE00ABABF8 /* Info.plist */ = {isa = PBXFileReference; lastKnownFileType = text.plist.xml; path = Info.plist; sourceTree = "<group>"; };
		CD8943132645070800639252 /* Movie.swift */ = {isa = PBXFileReference; lastKnownFileType = sourcecode.swift; path = Movie.swift; sourceTree = "<group>"; };
		CD89431A26450D4800639252 /* HttpClient.swift */ = {isa = PBXFileReference; lastKnownFileType = sourcecode.swift; path = HttpClient.swift; sourceTree = "<group>"; };
		F2CDF4DEB4E0B95AC5781509 /* Pods-swift-design-patterns.debug.xcconfig */ = {isa = PBXFileReference; includeInIndex = 1; lastKnownFileType = text.xcconfig; name = "Pods-swift-design-patterns.debug.xcconfig"; path = "Target Support Files/Pods-swift-design-patterns/Pods-swift-design-patterns.debug.xcconfig"; sourceTree = "<group>"; };
/* End PBXFileReference section */

/* Begin PBXFrameworksBuildPhase section */
		CD1705442644A8FC00ABABF8 /* Frameworks */ = {
			isa = PBXFrameworksBuildPhase;
			buildActionMask = 2147483647;
			files = (
				C7117BC072BCCDA66AEAAE82 /* Pods_swift_design_patterns.framework in Frameworks */,
			);
			runOnlyForDeploymentPostprocessing = 0;
		};
		CD17055A2644A8FE00ABABF8 /* Frameworks */ = {
			isa = PBXFrameworksBuildPhase;
			buildActionMask = 2147483647;
			files = (
			);
			runOnlyForDeploymentPostprocessing = 0;
		};
		CD1705652644A8FE00ABABF8 /* Frameworks */ = {
			isa = PBXFrameworksBuildPhase;
			buildActionMask = 2147483647;
			files = (
			);
			runOnlyForDeploymentPostprocessing = 0;
		};
/* End PBXFrameworksBuildPhase section */

/* Begin PBXGroup section */
		2DADE51A0E3899E69158B7FB /* Pods */ = {
			isa = PBXGroup;
			children = (
				F2CDF4DEB4E0B95AC5781509 /* Pods-swift-design-patterns.debug.xcconfig */,
				B6BA7D79E74D943F08C94DD4 /* Pods-swift-design-patterns.release.xcconfig */,
			);
			path = Pods;
			sourceTree = "<group>";
		};
		B12E852ABEC87FE621F2AF91 /* Frameworks */ = {
			isa = PBXGroup;
			children = (
				6FF1A53D15EA9793B35628C1 /* Pods_swift_design_patterns.framework */,
			);
			name = Frameworks;
			sourceTree = "<group>";
		};
		CD17053E2644A8FC00ABABF8 = {
			isa = PBXGroup;
			children = (
				CD1705492644A8FC00ABABF8 /* swift-design-patterns */,
				CD1705602644A8FE00ABABF8 /* swift-design-patternsTests */,
				CD17056B2644A8FE00ABABF8 /* swift-design-patternsUITests */,
				CD1705482644A8FC00ABABF8 /* Products */,
				2DADE51A0E3899E69158B7FB /* Pods */,
				B12E852ABEC87FE621F2AF91 /* Frameworks */,
			);
			sourceTree = "<group>";
		};
		CD1705482644A8FC00ABABF8 /* Products */ = {
			isa = PBXGroup;
			children = (
				CD1705472644A8FC00ABABF8 /* swift-design-patterns.app */,
				CD17055D2644A8FE00ABABF8 /* swift-design-patternsTests.xctest */,
				CD1705682644A8FE00ABABF8 /* swift-design-patternsUITests.xctest */,
			);
			name = Products;
			sourceTree = "<group>";
		};
		CD1705492644A8FC00ABABF8 /* swift-design-patterns */ = {
			isa = PBXGroup;
			children = (
				CD89431826450CBC00639252 /* Core */,
				CD61B1AB264506220011E772 /* Data */,
				CD17054A2644A8FC00ABABF8 /* AppDelegate.swift */,
				CD17054C2644A8FC00ABABF8 /* SceneDelegate.swift */,
				CD17054E2644A8FC00ABABF8 /* ViewController.swift */,
				CD1705502644A8FC00ABABF8 /* Main.storyboard */,
				CD1705532644A8FE00ABABF8 /* Assets.xcassets */,
				CD1705552644A8FE00ABABF8 /* LaunchScreen.storyboard */,
				CD1705582644A8FE00ABABF8 /* Info.plist */,
			);
			path = "swift-design-patterns";
			sourceTree = "<group>";
		};
		CD1705602644A8FE00ABABF8 /* swift-design-patternsTests */ = {
			isa = PBXGroup;
			children = (
				CD1705612644A8FE00ABABF8 /* swift_design_patternsTests.swift */,
				CD1705632644A8FE00ABABF8 /* Info.plist */,
			);
			path = "swift-design-patternsTests";
			sourceTree = "<group>";
		};
		CD17056B2644A8FE00ABABF8 /* swift-design-patternsUITests */ = {
			isa = PBXGroup;
			children = (
				CD17056C2644A8FE00ABABF8 /* swift_design_patternsUITests.swift */,
				CD17056E2644A8FE00ABABF8 /* Info.plist */,
			);
			path = "swift-design-patternsUITests";
			sourceTree = "<group>";
		};
		CD61B1AB264506220011E772 /* Data */ = {
			isa = PBXGroup;
			children = (
				CD61B1AC264506360011E772 /* Models */,
			);
			path = Data;
			sourceTree = "<group>";
		};
		CD61B1AC264506360011E772 /* Models */ = {
			isa = PBXGroup;
			children = (
				CD8943132645070800639252 /* Movie.swift */,
			);
			path = Models;
			sourceTree = "<group>";
		};
		CD89431826450CBC00639252 /* Core */ = {
			isa = PBXGroup;
			children = (
				CD89431926450D0100639252 /* http */,
			);
			path = Core;
			sourceTree = "<group>";
		};
		CD89431926450D0100639252 /* http */ = {
			isa = PBXGroup;
			children = (
				CD89431A26450D4800639252 /* HttpClient.swift */,
			);
			path = http;
			sourceTree = "<group>";
		};
/* End PBXGroup section */

/* Begin PBXNativeTarget section */
		CD1705462644A8FC00ABABF8 /* swift-design-patterns */ = {
			isa = PBXNativeTarget;
			buildConfigurationList = CD1705712644A8FE00ABABF8 /* Build configuration list for PBXNativeTarget "swift-design-patterns" */;
			buildPhases = (
				B1197F0FCEC1DFA5EAACD975 /* [CP] Check Pods Manifest.lock */,
				CD1705432644A8FC00ABABF8 /* Sources */,
				CD1705442644A8FC00ABABF8 /* Frameworks */,
				CD1705452644A8FC00ABABF8 /* Resources */,
				E4FB9CE9CEB8F8B3D5771089 /* [CP] Embed Pods Frameworks */,
			);
			buildRules = (
			);
			dependencies = (
			);
			name = "swift-design-patterns";
			productName = "swift-design-patterns";
			productReference = CD1705472644A8FC00ABABF8 /* swift-design-patterns.app */;
			productType = "com.apple.product-type.application";
		};
		CD17055C2644A8FE00ABABF8 /* swift-design-patternsTests */ = {
			isa = PBXNativeTarget;
			buildConfigurationList = CD1705742644A8FE00ABABF8 /* Build configuration list for PBXNativeTarget "swift-design-patternsTests" */;
			buildPhases = (
				CD1705592644A8FE00ABABF8 /* Sources */,
				CD17055A2644A8FE00ABABF8 /* Frameworks */,
				CD17055B2644A8FE00ABABF8 /* Resources */,
			);
			buildRules = (
			);
			dependencies = (
				CD17055F2644A8FE00ABABF8 /* PBXTargetDependency */,
			);
			name = "swift-design-patternsTests";
			productName = "swift-design-patternsTests";
			productReference = CD17055D2644A8FE00ABABF8 /* swift-design-patternsTests.xctest */;
			productType = "com.apple.product-type.bundle.unit-test";
		};
		CD1705672644A8FE00ABABF8 /* swift-design-patternsUITests */ = {
			isa = PBXNativeTarget;
			buildConfigurationList = CD1705772644A8FE00ABABF8 /* Build configuration list for PBXNativeTarget "swift-design-patternsUITests" */;
			buildPhases = (
				CD1705642644A8FE00ABABF8 /* Sources */,
				CD1705652644A8FE00ABABF8 /* Frameworks */,
				CD1705662644A8FE00ABABF8 /* Resources */,
			);
			buildRules = (
			);
			dependencies = (
				CD17056A2644A8FE00ABABF8 /* PBXTargetDependency */,
			);
			name = "swift-design-patternsUITests";
			productName = "swift-design-patternsUITests";
			productReference = CD1705682644A8FE00ABABF8 /* swift-design-patternsUITests.xctest */;
			productType = "com.apple.product-type.bundle.ui-testing";
		};
/* End PBXNativeTarget section */

/* Begin PBXProject section */
		CD17053F2644A8FC00ABABF8 /* Project object */ = {
			isa = PBXProject;
			attributes = {
				LastSwiftUpdateCheck = 1230;
				LastUpgradeCheck = 1230;
				TargetAttributes = {
					CD1705462644A8FC00ABABF8 = {
						CreatedOnToolsVersion = 12.3;
					};
					CD17055C2644A8FE00ABABF8 = {
						CreatedOnToolsVersion = 12.3;
						TestTargetID = CD1705462644A8FC00ABABF8;
					};
					CD1705672644A8FE00ABABF8 = {
						CreatedOnToolsVersion = 12.3;
						TestTargetID = CD1705462644A8FC00ABABF8;
					};
				};
			};
			buildConfigurationList = CD1705422644A8FC00ABABF8 /* Build configuration list for PBXProject "swift-design-patterns" */;
			compatibilityVersion = "Xcode 9.3";
			developmentRegion = en;
			hasScannedForEncodings = 0;
			knownRegions = (
				en,
				Base,
			);
			mainGroup = CD17053E2644A8FC00ABABF8;
			productRefGroup = CD1705482644A8FC00ABABF8 /* Products */;
			projectDirPath = "";
			projectRoot = "";
			targets = (
				CD1705462644A8FC00ABABF8 /* swift-design-patterns */,
				CD17055C2644A8FE00ABABF8 /* swift-design-patternsTests */,
				CD1705672644A8FE00ABABF8 /* swift-design-patternsUITests */,
			);
		};
/* End PBXProject section */

/* Begin PBXResourcesBuildPhase section */
		CD1705452644A8FC00ABABF8 /* Resources */ = {
			isa = PBXResourcesBuildPhase;
			buildActionMask = 2147483647;
			files = (
				CD1705572644A8FE00ABABF8 /* LaunchScreen.storyboard in Resources */,
				CD1705542644A8FE00ABABF8 /* Assets.xcassets in Resources */,
				CD1705522644A8FC00ABABF8 /* Main.storyboard in Resources */,
			);
			runOnlyForDeploymentPostprocessing = 0;
		};
		CD17055B2644A8FE00ABABF8 /* Resources */ = {
			isa = PBXResourcesBuildPhase;
			buildActionMask = 2147483647;
			files = (
			);
			runOnlyForDeploymentPostprocessing = 0;
		};
		CD1705662644A8FE00ABABF8 /* Resources */ = {
			isa = PBXResourcesBuildPhase;
			buildActionMask = 2147483647;
			files = (
			);
			runOnlyForDeploymentPostprocessing = 0;
		};
/* End PBXResourcesBuildPhase section */

/* Begin PBXShellScriptBuildPhase section */
		B1197F0FCEC1DFA5EAACD975 /* [CP] Check Pods Manifest.lock */ = {
			isa = PBXShellScriptBuildPhase;
			buildActionMask = 2147483647;
			files = (
			);
			inputFileListPaths = (
			);
			inputPaths = (
				"${PODS_PODFILE_DIR_PATH}/Podfile.lock",
				"${PODS_ROOT}/Manifest.lock",
			);
			name = "[CP] Check Pods Manifest.lock";
			outputFileListPaths = (
			);
			outputPaths = (
				"$(DERIVED_FILE_DIR)/Pods-swift-design-patterns-checkManifestLockResult.txt",
			);
			runOnlyForDeploymentPostprocessing = 0;
			shellPath = /bin/sh;
			shellScript = "diff \"${PODS_PODFILE_DIR_PATH}/Podfile.lock\" \"${PODS_ROOT}/Manifest.lock\" > /dev/null\nif [ $? != 0 ] ; then\n    # print error to STDERR\n    echo \"error: The sandbox is not in sync with the Podfile.lock. Run 'pod install' or update your CocoaPods installation.\" >&2\n    exit 1\nfi\n# This output is used by Xcode 'outputs' to avoid re-running this script phase.\necho \"SUCCESS\" > \"${SCRIPT_OUTPUT_FILE_0}\"\n";
			showEnvVarsInLog = 0;
		};
		E4FB9CE9CEB8F8B3D5771089 /* [CP] Embed Pods Frameworks */ = {
			isa = PBXShellScriptBuildPhase;
			buildActionMask = 2147483647;
			files = (
			);
			inputFileListPaths = (
				"${PODS_ROOT}/Target Support Files/Pods-swift-design-patterns/Pods-swift-design-patterns-frameworks-${CONFIGURATION}-input-files.xcfilelist",
			);
			name = "[CP] Embed Pods Frameworks";
			outputFileListPaths = (
				"${PODS_ROOT}/Target Support Files/Pods-swift-design-patterns/Pods-swift-design-patterns-frameworks-${CONFIGURATION}-output-files.xcfilelist",
			);
			runOnlyForDeploymentPostprocessing = 0;
			shellPath = /bin/sh;
			shellScript = "\"${PODS_ROOT}/Target Support Files/Pods-swift-design-patterns/Pods-swift-design-patterns-frameworks.sh\"\n";
			showEnvVarsInLog = 0;
		};
/* End PBXShellScriptBuildPhase section */

/* Begin PBXSourcesBuildPhase section */
		CD1705432644A8FC00ABABF8 /* Sources */ = {
			isa = PBXSourcesBuildPhase;
			buildActionMask = 2147483647;
			files = (
				CD89431B26450D4800639252 /* HttpClient.swift in Sources */,
				CD17054F2644A8FC00ABABF8 /* ViewController.swift in Sources */,
				CD17054B2644A8FC00ABABF8 /* AppDelegate.swift in Sources */,
				CD8943142645070800639252 /* Movie.swift in Sources */,
				CD17054D2644A8FC00ABABF8 /* SceneDelegate.swift in Sources */,
			);
			runOnlyForDeploymentPostprocessing = 0;
		};
		CD1705592644A8FE00ABABF8 /* Sources */ = {
			isa = PBXSourcesBuildPhase;
			buildActionMask = 2147483647;
			files = (
				CD1705622644A8FE00ABABF8 /* swift_design_patternsTests.swift in Sources */,
			);
			runOnlyForDeploymentPostprocessing = 0;
		};
		CD1705642644A8FE00ABABF8 /* Sources */ = {
			isa = PBXSourcesBuildPhase;
			buildActionMask = 2147483647;
			files = (
				CD17056D2644A8FE00ABABF8 /* swift_design_patternsUITests.swift in Sources */,
			);
			runOnlyForDeploymentPostprocessing = 0;
		};
/* End PBXSourcesBuildPhase section */

/* Begin PBXTargetDependency section */
		CD17055F2644A8FE00ABABF8 /* PBXTargetDependency */ = {
			isa = PBXTargetDependency;
			target = CD1705462644A8FC00ABABF8 /* swift-design-patterns */;
			targetProxy = CD17055E2644A8FE00ABABF8 /* PBXContainerItemProxy */;
		};
		CD17056A2644A8FE00ABABF8 /* PBXTargetDependency */ = {
			isa = PBXTargetDependency;
			target = CD1705462644A8FC00ABABF8 /* swift-design-patterns */;
			targetProxy = CD1705692644A8FE00ABABF8 /* PBXContainerItemProxy */;
		};
/* End PBXTargetDependency section */

/* Begin PBXVariantGroup section */
		CD1705502644A8FC00ABABF8 /* Main.storyboard */ = {
			isa = PBXVariantGroup;
			children = (
				CD1705512644A8FC00ABABF8 /* Base */,
			);
			name = Main.storyboard;
			sourceTree = "<group>";
		};
		CD1705552644A8FE00ABABF8 /* LaunchScreen.storyboard */ = {
			isa = PBXVariantGroup;
			children = (
				CD1705562644A8FE00ABABF8 /* Base */,
			);
			name = LaunchScreen.storyboard;
			sourceTree = "<group>";
		};
/* End PBXVariantGroup section */

/* Begin XCBuildConfiguration section */
		CD17056F2644A8FE00ABABF8 /* Debug */ = {
			isa = XCBuildConfiguration;
			buildSettings = {
				ALWAYS_SEARCH_USER_PATHS = NO;
				CLANG_ANALYZER_NONNULL = YES;
				CLANG_ANALYZER_NUMBER_OBJECT_CONVERSION = YES_AGGRESSIVE;
				CLANG_CXX_LANGUAGE_STANDARD = "gnu++14";
				CLANG_CXX_LIBRARY = "libc++";
				CLANG_ENABLE_MODULES = YES;
				CLANG_ENABLE_OBJC_ARC = YES;
				CLANG_ENABLE_OBJC_WEAK = YES;
				CLANG_WARN_BLOCK_CAPTURE_AUTORELEASING = YES;
				CLANG_WARN_BOOL_CONVERSION = YES;
				CLANG_WARN_COMMA = YES;
				CLANG_WARN_CONSTANT_CONVERSION = YES;
				CLANG_WARN_DEPRECATED_OBJC_IMPLEMENTATIONS = YES;
				CLANG_WARN_DIRECT_OBJC_ISA_USAGE = YES_ERROR;
				CLANG_WARN_DOCUMENTATION_COMMENTS = YES;
				CLANG_WARN_EMPTY_BODY = YES;
				CLANG_WARN_ENUM_CONVERSION = YES;
				CLANG_WARN_INFINITE_RECURSION = YES;
				CLANG_WARN_INT_CONVERSION = YES;
				CLANG_WARN_NON_LITERAL_NULL_CONVERSION = YES;
				CLANG_WARN_OBJC_IMPLICIT_RETAIN_SELF = YES;
				CLANG_WARN_OBJC_LITERAL_CONVERSION = YES;
				CLANG_WARN_OBJC_ROOT_CLASS = YES_ERROR;
				CLANG_WARN_QUOTED_INCLUDE_IN_FRAMEWORK_HEADER = YES;
				CLANG_WARN_RANGE_LOOP_ANALYSIS = YES;
				CLANG_WARN_STRICT_PROTOTYPES = YES;
				CLANG_WARN_SUSPICIOUS_MOVE = YES;
				CLANG_WARN_UNGUARDED_AVAILABILITY = YES_AGGRESSIVE;
				CLANG_WARN_UNREACHABLE_CODE = YES;
				CLANG_WARN__DUPLICATE_METHOD_MATCH = YES;
				COPY_PHASE_STRIP = NO;
				DEBUG_INFORMATION_FORMAT = dwarf;
				ENABLE_STRICT_OBJC_MSGSEND = YES;
				ENABLE_TESTABILITY = YES;
				GCC_C_LANGUAGE_STANDARD = gnu11;
				GCC_DYNAMIC_NO_PIC = NO;
				GCC_NO_COMMON_BLOCKS = YES;
				GCC_OPTIMIZATION_LEVEL = 0;
				GCC_PREPROCESSOR_DEFINITIONS = (
					"DEBUG=1",
					"$(inherited)",
				);
				GCC_WARN_64_TO_32_BIT_CONVERSION = YES;
				GCC_WARN_ABOUT_RETURN_TYPE = YES_ERROR;
				GCC_WARN_UNDECLARED_SELECTOR = YES;
				GCC_WARN_UNINITIALIZED_AUTOS = YES_AGGRESSIVE;
				GCC_WARN_UNUSED_FUNCTION = YES;
				GCC_WARN_UNUSED_VARIABLE = YES;
				IPHONEOS_DEPLOYMENT_TARGET = 14.3;
				MTL_ENABLE_DEBUG_INFO = INCLUDE_SOURCE;
				MTL_FAST_MATH = YES;
				ONLY_ACTIVE_ARCH = YES;
				SDKROOT = iphoneos;
				SWIFT_ACTIVE_COMPILATION_CONDITIONS = DEBUG;
				SWIFT_OPTIMIZATION_LEVEL = "-Onone";
			};
			name = Debug;
		};
		CD1705702644A8FE00ABABF8 /* Release */ = {
			isa = XCBuildConfiguration;
			buildSettings = {
				ALWAYS_SEARCH_USER_PATHS = NO;
				CLANG_ANALYZER_NONNULL = YES;
				CLANG_ANALYZER_NUMBER_OBJECT_CONVERSION = YES_AGGRESSIVE;
				CLANG_CXX_LANGUAGE_STANDARD = "gnu++14";
				CLANG_CXX_LIBRARY = "libc++";
				CLANG_ENABLE_MODULES = YES;
				CLANG_ENABLE_OBJC_ARC = YES;
				CLANG_ENABLE_OBJC_WEAK = YES;
				CLANG_WARN_BLOCK_CAPTURE_AUTORELEASING = YES;
				CLANG_WARN_BOOL_CONVERSION = YES;
				CLANG_WARN_COMMA = YES;
				CLANG_WARN_CONSTANT_CONVERSION = YES;
				CLANG_WARN_DEPRECATED_OBJC_IMPLEMENTATIONS = YES;
				CLANG_WARN_DIRECT_OBJC_ISA_USAGE = YES_ERROR;
				CLANG_WARN_DOCUMENTATION_COMMENTS = YES;
				CLANG_WARN_EMPTY_BODY = YES;
				CLANG_WARN_ENUM_CONVERSION = YES;
				CLANG_WARN_INFINITE_RECURSION = YES;
				CLANG_WARN_INT_CONVERSION = YES;
				CLANG_WARN_NON_LITERAL_NULL_CONVERSION = YES;
				CLANG_WARN_OBJC_IMPLICIT_RETAIN_SELF = YES;
				CLANG_WARN_OBJC_LITERAL_CONVERSION = YES;
				CLANG_WARN_OBJC_ROOT_CLASS = YES_ERROR;
				CLANG_WARN_QUOTED_INCLUDE_IN_FRAMEWORK_HEADER = YES;
				CLANG_WARN_RANGE_LOOP_ANALYSIS = YES;
				CLANG_WARN_STRICT_PROTOTYPES = YES;
				CLANG_WARN_SUSPICIOUS_MOVE = YES;
				CLANG_WARN_UNGUARDED_AVAILABILITY = YES_AGGRESSIVE;
				CLANG_WARN_UNREACHABLE_CODE = YES;
				CLANG_WARN__DUPLICATE_METHOD_MATCH = YES;
				COPY_PHASE_STRIP = NO;
				DEBUG_INFORMATION_FORMAT = "dwarf-with-dsym";
				ENABLE_NS_ASSERTIONS = NO;
				ENABLE_STRICT_OBJC_MSGSEND = YES;
				GCC_C_LANGUAGE_STANDARD = gnu11;
				GCC_NO_COMMON_BLOCKS = YES;
				GCC_WARN_64_TO_32_BIT_CONVERSION = YES;
				GCC_WARN_ABOUT_RETURN_TYPE = YES_ERROR;
				GCC_WARN_UNDECLARED_SELECTOR = YES;
				GCC_WARN_UNINITIALIZED_AUTOS = YES_AGGRESSIVE;
				GCC_WARN_UNUSED_FUNCTION = YES;
				GCC_WARN_UNUSED_VARIABLE = YES;
				IPHONEOS_DEPLOYMENT_TARGET = 14.3;
				MTL_ENABLE_DEBUG_INFO = NO;
				MTL_FAST_MATH = YES;
				SDKROOT = iphoneos;
				SWIFT_COMPILATION_MODE = wholemodule;
				SWIFT_OPTIMIZATION_LEVEL = "-O";
				VALIDATE_PRODUCT = YES;
			};
			name = Release;
		};
		CD1705722644A8FE00ABABF8 /* Debug */ = {
			isa = XCBuildConfiguration;
			baseConfigurationReference = F2CDF4DEB4E0B95AC5781509 /* Pods-swift-design-patterns.debug.xcconfig */;
			buildSettings = {
				ASSETCATALOG_COMPILER_APPICON_NAME = AppIcon;
				ASSETCATALOG_COMPILER_GLOBAL_ACCENT_COLOR_NAME = AccentColor;
				CODE_SIGN_STYLE = Automatic;
				DEVELOPMENT_TEAM = 792299Z83V;
				INFOPLIST_FILE = "swift-design-patterns/Info.plist";
				IPHONEOS_DEPLOYMENT_TARGET = 13.0;
				LD_RUNPATH_SEARCH_PATHS = (
					"$(inherited)",
					"@executable_path/Frameworks",
				);
				PRODUCT_BUNDLE_IDENTIFIER = "test.swift-design-patterns";
				PRODUCT_NAME = "$(TARGET_NAME)";
				SWIFT_VERSION = 5.0;
				TARGETED_DEVICE_FAMILY = "1,2";
			};
			name = Debug;
		};
		CD1705732644A8FE00ABABF8 /* Release */ = {
			isa = XCBuildConfiguration;
			baseConfigurationReference = B6BA7D79E74D943F08C94DD4 /* Pods-swift-design-patterns.release.xcconfig */;
			buildSettings = {
				ASSETCATALOG_COMPILER_APPICON_NAME = AppIcon;
				ASSETCATALOG_COMPILER_GLOBAL_ACCENT_COLOR_NAME = AccentColor;
				CODE_SIGN_STYLE = Automatic;
				DEVELOPMENT_TEAM = 792299Z83V;
				INFOPLIST_FILE = "swift-design-patterns/Info.plist";
				IPHONEOS_DEPLOYMENT_TARGET = 13.0;
				LD_RUNPATH_SEARCH_PATHS = (
					"$(inherited)",
					"@executable_path/Frameworks",
				);
				PRODUCT_BUNDLE_IDENTIFIER = "test.swift-design-patterns";
				PRODUCT_NAME = "$(TARGET_NAME)";
				SWIFT_VERSION = 5.0;
				TARGETED_DEVICE_FAMILY = "1,2";
			};
			name = Release;
		};
		CD1705752644A8FE00ABABF8 /* Debug */ = {
			isa = XCBuildConfiguration;
			buildSettings = {
				ALWAYS_EMBED_SWIFT_STANDARD_LIBRARIES = YES;
				BUNDLE_LOADER = "$(TEST_HOST)";
				CODE_SIGN_STYLE = Automatic;
				DEVELOPMENT_TEAM = 792299Z83V;
				INFOPLIST_FILE = "swift-design-patternsTests/Info.plist";
				IPHONEOS_DEPLOYMENT_TARGET = 14.3;
				LD_RUNPATH_SEARCH_PATHS = (
					"$(inherited)",
					"@executable_path/Frameworks",
					"@loader_path/Frameworks",
				);
				PRODUCT_BUNDLE_IDENTIFIER = "test.swift-design-patternsTests";
				PRODUCT_NAME = "$(TARGET_NAME)";
				SWIFT_VERSION = 5.0;
				TARGETED_DEVICE_FAMILY = "1,2";
				TEST_HOST = "$(BUILT_PRODUCTS_DIR)/swift-design-patterns.app/swift-design-patterns";
			};
			name = Debug;
		};
		CD1705762644A8FE00ABABF8 /* Release */ = {
			isa = XCBuildConfiguration;
			buildSettings = {
				ALWAYS_EMBED_SWIFT_STANDARD_LIBRARIES = YES;
				BUNDLE_LOADER = "$(TEST_HOST)";
				CODE_SIGN_STYLE = Automatic;
				DEVELOPMENT_TEAM = 792299Z83V;
				INFOPLIST_FILE = "swift-design-patternsTests/Info.plist";
				IPHONEOS_DEPLOYMENT_TARGET = 14.3;
				LD_RUNPATH_SEARCH_PATHS = (
					"$(inherited)",
					"@executable_path/Frameworks",
					"@loader_path/Frameworks",
				);
				PRODUCT_BUNDLE_IDENTIFIER = "test.swift-design-patternsTests";
				PRODUCT_NAME = "$(TARGET_NAME)";
				SWIFT_VERSION = 5.0;
				TARGETED_DEVICE_FAMILY = "1,2";
				TEST_HOST = "$(BUILT_PRODUCTS_DIR)/swift-design-patterns.app/swift-design-patterns";
			};
			name = Release;
		};
		CD1705782644A8FE00ABABF8 /* Debug */ = {
			isa = XCBuildConfiguration;
			buildSettings = {
				ALWAYS_EMBED_SWIFT_STANDARD_LIBRARIES = YES;
				CODE_SIGN_STYLE = Automatic;
				DEVELOPMENT_TEAM = 792299Z83V;
				INFOPLIST_FILE = "swift-design-patternsUITests/Info.plist";
				LD_RUNPATH_SEARCH_PATHS = (
					"$(inherited)",
					"@executable_path/Frameworks",
					"@loader_path/Frameworks",
				);
				PRODUCT_BUNDLE_IDENTIFIER = "test.swift-design-patternsUITests";
				PRODUCT_NAME = "$(TARGET_NAME)";
				SWIFT_VERSION = 5.0;
				TARGETED_DEVICE_FAMILY = "1,2";
				TEST_TARGET_NAME = "swift-design-patterns";
			};
			name = Debug;
		};
		CD1705792644A8FE00ABABF8 /* Release */ = {
			isa = XCBuildConfiguration;
			buildSettings = {
				ALWAYS_EMBED_SWIFT_STANDARD_LIBRARIES = YES;
				CODE_SIGN_STYLE = Automatic;
				DEVELOPMENT_TEAM = 792299Z83V;
				INFOPLIST_FILE = "swift-design-patternsUITests/Info.plist";
				LD_RUNPATH_SEARCH_PATHS = (
					"$(inherited)",
					"@executable_path/Frameworks",
					"@loader_path/Frameworks",
				);
				PRODUCT_BUNDLE_IDENTIFIER = "test.swift-design-patternsUITests";
				PRODUCT_NAME = "$(TARGET_NAME)";
				SWIFT_VERSION = 5.0;
				TARGETED_DEVICE_FAMILY = "1,2";
				TEST_TARGET_NAME = "swift-design-patterns";
			};
			name = Release;
		};
/* End XCBuildConfiguration section */

/* Begin XCConfigurationList section */
		CD1705422644A8FC00ABABF8 /* Build configuration list for PBXProject "swift-design-patterns" */ = {
			isa = XCConfigurationList;
			buildConfigurations = (
				CD17056F2644A8FE00ABABF8 /* Debug */,
				CD1705702644A8FE00ABABF8 /* Release */,
			);
			defaultConfigurationIsVisible = 0;
			defaultConfigurationName = Release;
		};
		CD1705712644A8FE00ABABF8 /* Build configuration list for PBXNativeTarget "swift-design-patterns" */ = {
			isa = XCConfigurationList;
			buildConfigurations = (
				CD1705722644A8FE00ABABF8 /* Debug */,
				CD1705732644A8FE00ABABF8 /* Release */,
			);
			defaultConfigurationIsVisible = 0;
			defaultConfigurationName = Release;
		};
		CD1705742644A8FE00ABABF8 /* Build configuration list for PBXNativeTarget "swift-design-patternsTests" */ = {
			isa = XCConfigurationList;
			buildConfigurations = (
				CD1705752644A8FE00ABABF8 /* Debug */,
				CD1705762644A8FE00ABABF8 /* Release */,
			);
			defaultConfigurationIsVisible = 0;
			defaultConfigurationName = Release;
		};
		CD1705772644A8FE00ABABF8 /* Build configuration list for PBXNativeTarget "swift-design-patternsUITests" */ = {
			isa = XCConfigurationList;
			buildConfigurations = (
				CD1705782644A8FE00ABABF8 /* Debug */,
				CD1705792644A8FE00ABABF8 /* Release */,
			);
			defaultConfigurationIsVisible = 0;
			defaultConfigurationName = Release;
		};
/* End XCConfigurationList section */
	};
	rootObject = CD17053F2644A8FC00ABABF8 /* Project object */;
}
